// !$*UTF8*$!
{
	archiveVersion = 1;
	classes = {
	};
	objectVersion = 46;
	objects = {

/* Begin PBXBuildFile section */
		0957BD50A890FFAE1878DA79 /* libPods.a in Frameworks */ = {isa = PBXBuildFile; fileRef = 21CE5CACBF0FE4003F569C7F /* libPods.a */; };
		5246F7D81BE1D3520075EF02 /* HDSearchBar.m in Sources */ = {isa = PBXBuildFile; fileRef = 5246F7D71BE1D3520075EF02 /* HDSearchBar.m */; };
		5246F7E11BE1DFBE0075EF02 /* HDButton.m in Sources */ = {isa = PBXBuildFile; fileRef = 5246F7E01BE1DFBE0075EF02 /* HDButton.m */; };
		5246F7EA1BE220440075EF02 /* HotQueueModel.m in Sources */ = {isa = PBXBuildFile; fileRef = 5246F7E91BE220440075EF02 /* HotQueueModel.m */; };
		5246F7ED1BE226960075EF02 /* menuData.plist in Resources */ = {isa = PBXBuildFile; fileRef = 5246F7EC1BE226960075EF02 /* menuData.plist */; };
		5246F8101BE22D900075EF02 /* back@2x.png in Resources */ = {isa = PBXBuildFile; fileRef = 5246F7F21BE22D900075EF02 /* back@2x.png */; };
		5246F8111BE22D900075EF02 /* background_home_searchBar@2x.png in Resources */ = {isa = PBXBuildFile; fileRef = 5246F7F31BE22D900075EF02 /* background_home_searchBar@2x.png */; };
		5246F8121BE22D900075EF02 /* bg_customReview_image_default.png in Resources */ = {isa = PBXBuildFile; fileRef = 5246F7F41BE22D900075EF02 /* bg_customReview_image_default.png */; };
		5246F8131BE22D900075EF02 /* btn_backItem.png in Resources */ = {isa = PBXBuildFile; fileRef = 5246F7F51BE22D900075EF02 /* btn_backItem.png */; };
		5246F8141BE22D900075EF02 /* ic_deal_noBooking@2x.png in Resources */ = {isa = PBXBuildFile; fileRef = 5246F7F61BE22D900075EF02 /* ic_deal_noBooking@2x.png */; };
		5246F8151BE22D900075EF02 /* icon_collect.png in Resources */ = {isa = PBXBuildFile; fileRef = 5246F7F71BE22D900075EF02 /* icon_collect.png */; };
		5246F8161BE22D900075EF02 /* icon_collect_highlighted.png in Resources */ = {isa = PBXBuildFile; fileRef = 5246F7F81BE22D900075EF02 /* icon_collect_highlighted.png */; };
		5246F8171BE22D900075EF02 /* icon_deal_anytime_refund@2x.png in Resources */ = {isa = PBXBuildFile; fileRef = 5246F7F91BE22D900075EF02 /* icon_deal_anytime_refund@2x.png */; };
		5246F8181BE22D900075EF02 /* icon_homepage_beautyCategory.png in Resources */ = {isa = PBXBuildFile; fileRef = 5246F7FA1BE22D900075EF02 /* icon_homepage_beautyCategory.png */; };
		5246F8191BE22D900075EF02 /* icon_homepage_default.png in Resources */ = {isa = PBXBuildFile; fileRef = 5246F7FB1BE22D900075EF02 /* icon_homepage_default.png */; };
		5246F81A1BE22D900075EF02 /* icon_homepage_downArrow@2x.png in Resources */ = {isa = PBXBuildFile; fileRef = 5246F7FC1BE22D900075EF02 /* icon_homepage_downArrow@2x.png */; };
		5246F81B1BE22D900075EF02 /* icon_homepage_entertainmentCategory.png in Resources */ = {isa = PBXBuildFile; fileRef = 5246F7FD1BE22D900075EF02 /* icon_homepage_entertainmentCategory.png */; };
		5246F81C1BE22D900075EF02 /* icon_homepage_foodCategory.png in Resources */ = {isa = PBXBuildFile; fileRef = 5246F7FE1BE22D900075EF02 /* icon_homepage_foodCategory.png */; };
		5246F81D1BE22D900075EF02 /* icon_homepage_foottreatCategory.png in Resources */ = {isa = PBXBuildFile; fileRef = 5246F7FF1BE22D900075EF02 /* icon_homepage_foottreatCategory.png */; };
		5246F81E1BE22D900075EF02 /* icon_homepage_hotelCategory.png in Resources */ = {isa = PBXBuildFile; fileRef = 5246F8001BE22D900075EF02 /* icon_homepage_hotelCategory.png */; };
		5246F81F1BE22D900075EF02 /* icon_homepage_KTVCategory.png in Resources */ = {isa = PBXBuildFile; fileRef = 5246F8011BE22D900075EF02 /* icon_homepage_KTVCategory.png */; };
		5246F8201BE22D900075EF02 /* icon_homepage_lifeServiceCategory.png in Resources */ = {isa = PBXBuildFile; fileRef = 5246F8021BE22D900075EF02 /* icon_homepage_lifeServiceCategory.png */; };
		5246F8211BE22D900075EF02 /* icon_homepage_map.png in Resources */ = {isa = PBXBuildFile; fileRef = 5246F8031BE22D900075EF02 /* icon_homepage_map.png */; };
		5246F8221BE22D900075EF02 /* icon_homepage_map_old.png in Resources */ = {isa = PBXBuildFile; fileRef = 5246F8041BE22D900075EF02 /* icon_homepage_map_old.png */; };
		5246F8231BE22D900075EF02 /* icon_homepage_map_selected.png in Resources */ = {isa = PBXBuildFile; fileRef = 5246F8051BE22D900075EF02 /* icon_homepage_map_selected.png */; };
		5246F8241BE22D900075EF02 /* icon_homepage_map_selected_old.png in Resources */ = {isa = PBXBuildFile; fileRef = 5246F8061BE22D900075EF02 /* icon_homepage_map_selected_old.png */; };
		5246F8251BE22D900075EF02 /* icon_homepage_movieCategory.png in Resources */ = {isa = PBXBuildFile; fileRef = 5246F8071BE22D900075EF02 /* icon_homepage_movieCategory.png */; };
		5246F8261BE22D900075EF02 /* icon_homepage_search.png in Resources */ = {isa = PBXBuildFile; fileRef = 5246F8081BE22D900075EF02 /* icon_homepage_search.png */; };
		5246F8271BE22D900075EF02 /* icon_homepage_shoppingCategory.png in Resources */ = {isa = PBXBuildFile; fileRef = 5246F8091BE22D900075EF02 /* icon_homepage_shoppingCategory.png */; };
		5246F8281BE22D900075EF02 /* icon_homepage_takeoutCategory.png in Resources */ = {isa = PBXBuildFile; fileRef = 5246F80A1BE22D900075EF02 /* icon_homepage_takeoutCategory.png */; };
		5246F8291BE22D900075EF02 /* icon_homepage_upArrow@2x.png in Resources */ = {isa = PBXBuildFile; fileRef = 5246F80B1BE22D900075EF02 /* icon_homepage_upArrow@2x.png */; };
		5246F82A1BE22D900075EF02 /* icon_merchant_share_highlighted.png in Resources */ = {isa = PBXBuildFile; fileRef = 5246F80C1BE22D900075EF02 /* icon_merchant_share_highlighted.png */; };
		5246F82B1BE22D900075EF02 /* icon_merchant_share_normal.png in Resources */ = {isa = PBXBuildFile; fileRef = 5246F80D1BE22D900075EF02 /* icon_merchant_share_normal.png */; };
		5246F82C1BE22D900075EF02 /* todaySpecialHeaderTitleImage@2x.png in Resources */ = {isa = PBXBuildFile; fileRef = 5246F80E1BE22D900075EF02 /* todaySpecialHeaderTitleImage@2x.png */; };
		5246F82D1BE22D900075EF02 /* todaySpecialHeaderTitleImage@3x.png in Resources */ = {isa = PBXBuildFile; fileRef = 5246F80F1BE22D900075EF02 /* todaySpecialHeaderTitleImage@3x.png */; };
		52DDF5181BE0CAFD006508A4 /* main.m in Sources */ = {isa = PBXBuildFile; fileRef = 52DDF5171BE0CAFD006508A4 /* main.m */; };
		52DDF5231BE0CAFD006508A4 /* Assets.xcassets in Resources */ = {isa = PBXBuildFile; fileRef = 52DDF5221BE0CAFD006508A4 /* Assets.xcassets */; };
		52DDF5311BE0CAFD006508A4 /* ThousandMetersTests.m in Sources */ = {isa = PBXBuildFile; fileRef = 52DDF5301BE0CAFD006508A4 /* ThousandMetersTests.m */; };
		52DDF53C1BE0CAFD006508A4 /* ThousandMetersUITests.m in Sources */ = {isa = PBXBuildFile; fileRef = 52DDF53B1BE0CAFD006508A4 /* ThousandMetersUITests.m */; };
		52DDF55D1BE0D1EA006508A4 /* Images.xcassets in Resources */ = {isa = PBXBuildFile; fileRef = 52DDF55C1BE0D1EA006508A4 /* Images.xcassets */; };
		52DDF5601BE0D40B006508A4 /* LaunchScreen.storyboard in Resources */ = {isa = PBXBuildFile; fileRef = 52DDF55E1BE0D40B006508A4 /* LaunchScreen.storyboard */; };
		52DDF5861BE0D9D9006508A4 /* HDHomeViewController.m in Sources */ = {isa = PBXBuildFile; fileRef = 52DDF5711BE0D9D9006508A4 /* HDHomeViewController.m */; };
		52DDF5871BE0D9D9006508A4 /* HDHotStyleViewController.m in Sources */ = {isa = PBXBuildFile; fileRef = 52DDF5771BE0D9D9006508A4 /* HDHotStyleViewController.m */; };
		52DDF5881BE0D9D9006508A4 /* HDPersonalCenterViewController.m in Sources */ = {isa = PBXBuildFile; fileRef = 52DDF57D1BE0D9D9006508A4 /* HDPersonalCenterViewController.m */; };
		52DDF5891BE0D9D9006508A4 /* HDShoppingCartViewController.m in Sources */ = {isa = PBXBuildFile; fileRef = 52DDF5831BE0D9D9006508A4 /* HDShoppingCartViewController.m */; };
		52DDF59A1BE0DC34006508A4 /* AppDelegate.m in Sources */ = {isa = PBXBuildFile; fileRef = 52DDF5991BE0DC34006508A4 /* AppDelegate.m */; };
		52DDF5A01BE0DC4D006508A4 /* HDNavigationController.m in Sources */ = {isa = PBXBuildFile; fileRef = 52DDF59D1BE0DC4D006508A4 /* HDNavigationController.m */; };
		52DDF5A11BE0DC4D006508A4 /* HDTabBarController.m in Sources */ = {isa = PBXBuildFile; fileRef = 52DDF59F1BE0DC4D006508A4 /* HDTabBarController.m */; };
		52E530491BE31320000EAF85 /* UIBarButtonItem+Extension.m in Sources */ = {isa = PBXBuildFile; fileRef = 52E530461BE31320000EAF85 /* UIBarButtonItem+Extension.m */; };
		52E5304A1BE31320000EAF85 /* UIView+Extension.m in Sources */ = {isa = PBXBuildFile; fileRef = 52E530481BE31320000EAF85 /* UIView+Extension.m */; };
		52E530771BE35EA6000EAF85 /* HomeMenuCell.m in Sources */ = {isa = PBXBuildFile; fileRef = 52E530661BE35EA6000EAF85 /* HomeMenuCell.m */; };
		52E530781BE35EA6000EAF85 /* JZMTBtnView.m in Sources */ = {isa = PBXBuildFile; fileRef = 52E530681BE35EA6000EAF85 /* JZMTBtnView.m */; };
		52E530811BE3664D000EAF85 /* UIImageBannerScrollView.m in Sources */ = {isa = PBXBuildFile; fileRef = 52E530801BE3664D000EAF85 /* UIImageBannerScrollView.m */; };
/* End PBXBuildFile section */

/* Begin PBXContainerItemProxy section */
		52DDF52D1BE0CAFD006508A4 /* PBXContainerItemProxy */ = {
			isa = PBXContainerItemProxy;
			containerPortal = 52DDF50B1BE0CAFD006508A4 /* Project object */;
			proxyType = 1;
			remoteGlobalIDString = 52DDF5121BE0CAFD006508A4;
			remoteInfo = ThousandMeters;
		};
		52DDF5381BE0CAFD006508A4 /* PBXContainerItemProxy */ = {
			isa = PBXContainerItemProxy;
			containerPortal = 52DDF50B1BE0CAFD006508A4 /* Project object */;
			proxyType = 1;
			remoteGlobalIDString = 52DDF5121BE0CAFD006508A4;
			remoteInfo = ThousandMeters;
		};
/* End PBXContainerItemProxy section */

/* Begin PBXFileReference section */
		21CE5CACBF0FE4003F569C7F /* libPods.a */ = {isa = PBXFileReference; explicitFileType = archive.ar; includeInIndex = 0; path = libPods.a; sourceTree = BUILT_PRODUCTS_DIR; };
		49B498AD36F6B2AAAE1AE29A /* Pods.debug.xcconfig */ = {isa = PBXFileReference; includeInIndex = 1; lastKnownFileType = text.xcconfig; name = Pods.debug.xcconfig; path = "Pods/Target Support Files/Pods/Pods.debug.xcconfig"; sourceTree = "<group>"; };
		5246F7D61BE1D3520075EF02 /* HDSearchBar.h */ = {isa = PBXFileReference; fileEncoding = 4; lastKnownFileType = sourcecode.c.h; name = HDSearchBar.h; path = ThousandMeters/Classes/Main/View/HDSearchBar.h; sourceTree = SOURCE_ROOT; };
		5246F7D71BE1D3520075EF02 /* HDSearchBar.m */ = {isa = PBXFileReference; fileEncoding = 4; lastKnownFileType = sourcecode.c.objc; name = HDSearchBar.m; path = ThousandMeters/Classes/Main/View/HDSearchBar.m; sourceTree = SOURCE_ROOT; };
		5246F7DF1BE1DFBE0075EF02 /* HDButton.h */ = {isa = PBXFileReference; fileEncoding = 4; lastKnownFileType = sourcecode.c.h; name = HDButton.h; path = ThousandMeters/Classes/Main/View/HDButton.h; sourceTree = SOURCE_ROOT; };
		5246F7E01BE1DFBE0075EF02 /* HDButton.m */ = {isa = PBXFileReference; fileEncoding = 4; lastKnownFileType = sourcecode.c.objc; name = HDButton.m; path = ThousandMeters/Classes/Main/View/HDButton.m; sourceTree = SOURCE_ROOT; };
		5246F7E81BE220440075EF02 /* HotQueueModel.h */ = {isa = PBXFileReference; fileEncoding = 4; lastKnownFileType = sourcecode.c.h; path = HotQueueModel.h; sourceTree = "<group>"; };
		5246F7E91BE220440075EF02 /* HotQueueModel.m */ = {isa = PBXFileReference; fileEncoding = 4; lastKnownFileType = sourcecode.c.objc; path = HotQueueModel.m; sourceTree = "<group>"; };
		5246F7EC1BE226960075EF02 /* menuData.plist */ = {isa = PBXFileReference; fileEncoding = 4; lastKnownFileType = text.plist.xml; name = menuData.plist; path = DB/menuData.plist; sourceTree = "<group>"; };
		5246F7F21BE22D900075EF02 /* back@2x.png */ = {isa = PBXFileReference; lastKnownFileType = image.png; path = "back@2x.png"; sourceTree = "<group>"; };
		5246F7F31BE22D900075EF02 /* background_home_searchBar@2x.png */ = {isa = PBXFileReference; lastKnownFileType = image.png; path = "background_home_searchBar@2x.png"; sourceTree = "<group>"; };
		5246F7F41BE22D900075EF02 /* bg_customReview_image_default.png */ = {isa = PBXFileReference; lastKnownFileType = image.png; path = bg_customReview_image_default.png; sourceTree = "<group>"; };
		5246F7F51BE22D900075EF02 /* btn_backItem.png */ = {isa = PBXFileReference; lastKnownFileType = image.png; path = btn_backItem.png; sourceTree = "<group>"; };
		5246F7F61BE22D900075EF02 /* ic_deal_noBooking@2x.png */ = {isa = PBXFileReference; lastKnownFileType = image.png; path = "ic_deal_noBooking@2x.png"; sourceTree = "<group>"; };
		5246F7F71BE22D900075EF02 /* icon_collect.png */ = {isa = PBXFileReference; lastKnownFileType = image.png; path = icon_collect.png; sourceTree = "<group>"; };
		5246F7F81BE22D900075EF02 /* icon_collect_highlighted.png */ = {isa = PBXFileReference; lastKnownFileType = image.png; path = icon_collect_highlighted.png; sourceTree = "<group>"; };
		5246F7F91BE22D900075EF02 /* icon_deal_anytime_refund@2x.png */ = {isa = PBXFileReference; lastKnownFileType = image.png; path = "icon_deal_anytime_refund@2x.png"; sourceTree = "<group>"; };
		5246F7FA1BE22D900075EF02 /* icon_homepage_beautyCategory.png */ = {isa = PBXFileReference; lastKnownFileType = image.png; path = icon_homepage_beautyCategory.png; sourceTree = "<group>"; };
		5246F7FB1BE22D900075EF02 /* icon_homepage_default.png */ = {isa = PBXFileReference; lastKnownFileType = image.png; path = icon_homepage_default.png; sourceTree = "<group>"; };
		5246F7FC1BE22D900075EF02 /* icon_homepage_downArrow@2x.png */ = {isa = PBXFileReference; lastKnownFileType = image.png; path = "icon_homepage_downArrow@2x.png"; sourceTree = "<group>"; };
		5246F7FD1BE22D900075EF02 /* icon_homepage_entertainmentCategory.png */ = {isa = PBXFileReference; lastKnownFileType = image.png; path = icon_homepage_entertainmentCategory.png; sourceTree = "<group>"; };
		5246F7FE1BE22D900075EF02 /* icon_homepage_foodCategory.png */ = {isa = PBXFileReference; lastKnownFileType = image.png; path = icon_homepage_foodCategory.png; sourceTree = "<group>"; };
		5246F7FF1BE22D900075EF02 /* icon_homepage_foottreatCategory.png */ = {isa = PBXFileReference; lastKnownFileType = image.png; path = icon_homepage_foottreatCategory.png; sourceTree = "<group>"; };
		5246F8001BE22D900075EF02 /* icon_homepage_hotelCategory.png */ = {isa = PBXFileReference; lastKnownFileType = image.png; path = icon_homepage_hotelCategory.png; sourceTree = "<group>"; };
		5246F8011BE22D900075EF02 /* icon_homepage_KTVCategory.png */ = {isa = PBXFileReference; lastKnownFileType = image.png; path = icon_homepage_KTVCategory.png; sourceTree = "<group>"; };
		5246F8021BE22D900075EF02 /* icon_homepage_lifeServiceCategory.png */ = {isa = PBXFileReference; lastKnownFileType = image.png; path = icon_homepage_lifeServiceCategory.png; sourceTree = "<group>"; };
		5246F8031BE22D900075EF02 /* icon_homepage_map.png */ = {isa = PBXFileReference; lastKnownFileType = image.png; path = icon_homepage_map.png; sourceTree = "<group>"; };
		5246F8041BE22D900075EF02 /* icon_homepage_map_old.png */ = {isa = PBXFileReference; lastKnownFileType = image.png; path = icon_homepage_map_old.png; sourceTree = "<group>"; };
		5246F8051BE22D900075EF02 /* icon_homepage_map_selected.png */ = {isa = PBXFileReference; lastKnownFileType = image.png; path = icon_homepage_map_selected.png; sourceTree = "<group>"; };
		5246F8061BE22D900075EF02 /* icon_homepage_map_selected_old.png */ = {isa = PBXFileReference; lastKnownFileType = image.png; path = icon_homepage_map_selected_old.png; sourceTree = "<group>"; };
		5246F8071BE22D900075EF02 /* icon_homepage_movieCategory.png */ = {isa = PBXFileReference; lastKnownFileType = image.png; path = icon_homepage_movieCategory.png; sourceTree = "<group>"; };
		5246F8081BE22D900075EF02 /* icon_homepage_search.png */ = {isa = PBXFileReference; lastKnownFileType = image.png; path = icon_homepage_search.png; sourceTree = "<group>"; };
		5246F8091BE22D900075EF02 /* icon_homepage_shoppingCategory.png */ = {isa = PBXFileReference; lastKnownFileType = image.png; path = icon_homepage_shoppingCategory.png; sourceTree = "<group>"; };
		5246F80A1BE22D900075EF02 /* icon_homepage_takeoutCategory.png */ = {isa = PBXFileReference; lastKnownFileType = image.png; path = icon_homepage_takeoutCategory.png; sourceTree = "<group>"; };
		5246F80B1BE22D900075EF02 /* icon_homepage_upArrow@2x.png */ = {isa = PBXFileReference; lastKnownFileType = image.png; path = "icon_homepage_upArrow@2x.png"; sourceTree = "<group>"; };
		5246F80C1BE22D900075EF02 /* icon_merchant_share_highlighted.png */ = {isa = PBXFileReference; lastKnownFileType = image.png; path = icon_merchant_share_highlighted.png; sourceTree = "<group>"; };
		5246F80D1BE22D900075EF02 /* icon_merchant_share_normal.png */ = {isa = PBXFileReference; lastKnownFileType = image.png; path = icon_merchant_share_normal.png; sourceTree = "<group>"; };
		5246F80E1BE22D900075EF02 /* todaySpecialHeaderTitleImage@2x.png */ = {isa = PBXFileReference; lastKnownFileType = image.png; path = "todaySpecialHeaderTitleImage@2x.png"; sourceTree = "<group>"; };
		5246F80F1BE22D900075EF02 /* todaySpecialHeaderTitleImage@3x.png */ = {isa = PBXFileReference; lastKnownFileType = image.png; path = "todaySpecialHeaderTitleImage@3x.png"; sourceTree = "<group>"; };
		52DDF5131BE0CAFD006508A4 /* ThousandMeters.app */ = {isa = PBXFileReference; explicitFileType = wrapper.application; includeInIndex = 0; path = ThousandMeters.app; sourceTree = BUILT_PRODUCTS_DIR; };
		52DDF5171BE0CAFD006508A4 /* main.m */ = {isa = PBXFileReference; lastKnownFileType = sourcecode.c.objc; path = main.m; sourceTree = "<group>"; };
		52DDF5221BE0CAFD006508A4 /* Assets.xcassets */ = {isa = PBXFileReference; lastKnownFileType = folder.assetcatalog; path = Assets.xcassets; sourceTree = "<group>"; };
		52DDF5271BE0CAFD006508A4 /* Info.plist */ = {isa = PBXFileReference; lastKnownFileType = text.plist.xml; path = Info.plist; sourceTree = "<group>"; };
		52DDF52C1BE0CAFD006508A4 /* ThousandMetersTests.xctest */ = {isa = PBXFileReference; explicitFileType = wrapper.cfbundle; includeInIndex = 0; path = ThousandMetersTests.xctest; sourceTree = BUILT_PRODUCTS_DIR; };
		52DDF5301BE0CAFD006508A4 /* ThousandMetersTests.m */ = {isa = PBXFileReference; lastKnownFileType = sourcecode.c.objc; path = ThousandMetersTests.m; sourceTree = "<group>"; };
		52DDF5321BE0CAFD006508A4 /* Info.plist */ = {isa = PBXFileReference; lastKnownFileType = text.plist.xml; path = Info.plist; sourceTree = "<group>"; };
		52DDF5371BE0CAFD006508A4 /* ThousandMetersUITests.xctest */ = {isa = PBXFileReference; explicitFileType = wrapper.cfbundle; includeInIndex = 0; path = ThousandMetersUITests.xctest; sourceTree = BUILT_PRODUCTS_DIR; };
		52DDF53B1BE0CAFD006508A4 /* ThousandMetersUITests.m */ = {isa = PBXFileReference; lastKnownFileType = sourcecode.c.objc; path = ThousandMetersUITests.m; sourceTree = "<group>"; };
		52DDF53D1BE0CAFD006508A4 /* Info.plist */ = {isa = PBXFileReference; lastKnownFileType = text.plist.xml; path = Info.plist; sourceTree = "<group>"; };
		52DDF55B1BE0CE72006508A4 /* ThousandMeters.pch */ = {isa = PBXFileReference; lastKnownFileType = sourcecode.c.h; path = ThousandMeters.pch; sourceTree = "<group>"; };
		52DDF55C1BE0D1EA006508A4 /* Images.xcassets */ = {isa = PBXFileReference; lastKnownFileType = folder.assetcatalog; path = Images.xcassets; sourceTree = "<group>"; };
		52DDF55F1BE0D40B006508A4 /* Base */ = {isa = PBXFileReference; lastKnownFileType = file.storyboard; name = Base; path = Base.lproj/LaunchScreen.storyboard; sourceTree = "<group>"; };
		52DDF5701BE0D9D9006508A4 /* HDHomeViewController.h */ = {isa = PBXFileReference; fileEncoding = 4; lastKnownFileType = sourcecode.c.h; path = HDHomeViewController.h; sourceTree = "<group>"; };
		52DDF5711BE0D9D9006508A4 /* HDHomeViewController.m */ = {isa = PBXFileReference; fileEncoding = 4; lastKnownFileType = sourcecode.c.objc; path = HDHomeViewController.m; sourceTree = "<group>"; };
		52DDF5761BE0D9D9006508A4 /* HDHotStyleViewController.h */ = {isa = PBXFileReference; fileEncoding = 4; lastKnownFileType = sourcecode.c.h; path = HDHotStyleViewController.h; sourceTree = "<group>"; };
		52DDF5771BE0D9D9006508A4 /* HDHotStyleViewController.m */ = {isa = PBXFileReference; fileEncoding = 4; lastKnownFileType = sourcecode.c.objc; path = HDHotStyleViewController.m; sourceTree = "<group>"; };
		52DDF57C1BE0D9D9006508A4 /* HDPersonalCenterViewController.h */ = {isa = PBXFileReference; fileEncoding = 4; lastKnownFileType = sourcecode.c.h; path = HDPersonalCenterViewController.h; sourceTree = "<group>"; };
		52DDF57D1BE0D9D9006508A4 /* HDPersonalCenterViewController.m */ = {isa = PBXFileReference; fileEncoding = 4; lastKnownFileType = sourcecode.c.objc; path = HDPersonalCenterViewController.m; sourceTree = "<group>"; };
		52DDF5821BE0D9D9006508A4 /* HDShoppingCartViewController.h */ = {isa = PBXFileReference; fileEncoding = 4; lastKnownFileType = sourcecode.c.h; path = HDShoppingCartViewController.h; sourceTree = "<group>"; };
		52DDF5831BE0D9D9006508A4 /* HDShoppingCartViewController.m */ = {isa = PBXFileReference; fileEncoding = 4; lastKnownFileType = sourcecode.c.objc; path = HDShoppingCartViewController.m; sourceTree = "<group>"; };
		52DDF5981BE0DC34006508A4 /* AppDelegate.h */ = {isa = PBXFileReference; fileEncoding = 4; lastKnownFileType = sourcecode.c.h; path = AppDelegate.h; sourceTree = "<group>"; };
		52DDF5991BE0DC34006508A4 /* AppDelegate.m */ = {isa = PBXFileReference; fileEncoding = 4; lastKnownFileType = sourcecode.c.objc; path = AppDelegate.m; sourceTree = "<group>"; };
		52DDF59C1BE0DC4D006508A4 /* HDNavigationController.h */ = {isa = PBXFileReference; fileEncoding = 4; lastKnownFileType = sourcecode.c.h; path = HDNavigationController.h; sourceTree = "<group>"; };
		52DDF59D1BE0DC4D006508A4 /* HDNavigationController.m */ = {isa = PBXFileReference; fileEncoding = 4; lastKnownFileType = sourcecode.c.objc; path = HDNavigationController.m; sourceTree = "<group>"; };
		52DDF59E1BE0DC4D006508A4 /* HDTabBarController.h */ = {isa = PBXFileReference; fileEncoding = 4; lastKnownFileType = sourcecode.c.h; path = HDTabBarController.h; sourceTree = "<group>"; };
		52DDF59F1BE0DC4D006508A4 /* HDTabBarController.m */ = {isa = PBXFileReference; fileEncoding = 4; lastKnownFileType = sourcecode.c.objc; path = HDTabBarController.m; sourceTree = "<group>"; };
		52E530451BE31320000EAF85 /* UIBarButtonItem+Extension.h */ = {isa = PBXFileReference; fileEncoding = 4; lastKnownFileType = sourcecode.c.h; path = "UIBarButtonItem+Extension.h"; sourceTree = "<group>"; };
		52E530461BE31320000EAF85 /* UIBarButtonItem+Extension.m */ = {isa = PBXFileReference; fileEncoding = 4; lastKnownFileType = sourcecode.c.objc; path = "UIBarButtonItem+Extension.m"; sourceTree = "<group>"; };
		52E530471BE31320000EAF85 /* UIView+Extension.h */ = {isa = PBXFileReference; fileEncoding = 4; lastKnownFileType = sourcecode.c.h; path = "UIView+Extension.h"; sourceTree = "<group>"; };
		52E530481BE31320000EAF85 /* UIView+Extension.m */ = {isa = PBXFileReference; fileEncoding = 4; lastKnownFileType = sourcecode.c.objc; path = "UIView+Extension.m"; sourceTree = "<group>"; };
		52E530651BE35EA6000EAF85 /* HomeMenuCell.h */ = {isa = PBXFileReference; fileEncoding = 4; lastKnownFileType = sourcecode.c.h; path = HomeMenuCell.h; sourceTree = "<group>"; };
		52E530661BE35EA6000EAF85 /* HomeMenuCell.m */ = {isa = PBXFileReference; fileEncoding = 4; lastKnownFileType = sourcecode.c.objc; path = HomeMenuCell.m; sourceTree = "<group>"; };
		52E530671BE35EA6000EAF85 /* JZMTBtnView.h */ = {isa = PBXFileReference; fileEncoding = 4; lastKnownFileType = sourcecode.c.h; path = JZMTBtnView.h; sourceTree = "<group>"; };
		52E530681BE35EA6000EAF85 /* JZMTBtnView.m */ = {isa = PBXFileReference; fileEncoding = 4; lastKnownFileType = sourcecode.c.objc; path = JZMTBtnView.m; sourceTree = "<group>"; };
		52E5307F1BE3664D000EAF85 /* UIImageBannerScrollView.h */ = {isa = PBXFileReference; fileEncoding = 4; lastKnownFileType = sourcecode.c.h; path = UIImageBannerScrollView.h; sourceTree = "<group>"; };
		52E530801BE3664D000EAF85 /* UIImageBannerScrollView.m */ = {isa = PBXFileReference; fileEncoding = 4; lastKnownFileType = sourcecode.c.objc; path = UIImageBannerScrollView.m; sourceTree = "<group>"; };
		83E1C4EB1FD48DC24B7C6A82 /* Pods.release.xcconfig */ = {isa = PBXFileReference; includeInIndex = 1; lastKnownFileType = text.xcconfig; name = Pods.release.xcconfig; path = "Pods/Target Support Files/Pods/Pods.release.xcconfig"; sourceTree = "<group>"; };
/* End PBXFileReference section */

/* Begin PBXFrameworksBuildPhase section */
		52DDF5101BE0CAFD006508A4 /* Frameworks */ = {
			isa = PBXFrameworksBuildPhase;
			buildActionMask = 2147483647;
			files = (
				0957BD50A890FFAE1878DA79 /* libPods.a in Frameworks */,
			);
			runOnlyForDeploymentPostprocessing = 0;
		};
		52DDF5291BE0CAFD006508A4 /* Frameworks */ = {
			isa = PBXFrameworksBuildPhase;
			buildActionMask = 2147483647;
			files = (
			);
			runOnlyForDeploymentPostprocessing = 0;
		};
		52DDF5341BE0CAFD006508A4 /* Frameworks */ = {
			isa = PBXFrameworksBuildPhase;
			buildActionMask = 2147483647;
			files = (
			);
			runOnlyForDeploymentPostprocessing = 0;
		};
/* End PBXFrameworksBuildPhase section */

/* Begin PBXGroup section */
		02CC8E6897A78A77206AEE20 /* Pods */ = {
			isa = PBXGroup;
			children = (
				49B498AD36F6B2AAAE1AE29A /* Pods.debug.xcconfig */,
				83E1C4EB1FD48DC24B7C6A82 /* Pods.release.xcconfig */,
			);
			name = Pods;
			sourceTree = "<group>";
		};
		5246F7EB1BE2265D0075EF02 /* DB */ = {
			isa = PBXGroup;
			children = (
				5246F7EC1BE226960075EF02 /* menuData.plist */,
			);
			name = DB;
			sourceTree = "<group>";
		};
		5246F7F01BE22D900075EF02 /* Resource */ = {
			isa = PBXGroup;
			children = (
				5246F7F11BE22D900075EF02 /* Home */,
			);
			path = Resource;
			sourceTree = "<group>";
		};
		5246F7F11BE22D900075EF02 /* Home */ = {
			isa = PBXGroup;
			children = (
				5246F7F21BE22D900075EF02 /* back@2x.png */,
				5246F7F31BE22D900075EF02 /* background_home_searchBar@2x.png */,
				5246F7F41BE22D900075EF02 /* bg_customReview_image_default.png */,
				5246F7F51BE22D900075EF02 /* btn_backItem.png */,
				5246F7F61BE22D900075EF02 /* ic_deal_noBooking@2x.png */,
				5246F7F71BE22D900075EF02 /* icon_collect.png */,
				5246F7F81BE22D900075EF02 /* icon_collect_highlighted.png */,
				5246F7F91BE22D900075EF02 /* icon_deal_anytime_refund@2x.png */,
				5246F7FA1BE22D900075EF02 /* icon_homepage_beautyCategory.png */,
				5246F7FB1BE22D900075EF02 /* icon_homepage_default.png */,
				5246F7FC1BE22D900075EF02 /* icon_homepage_downArrow@2x.png */,
				5246F7FD1BE22D900075EF02 /* icon_homepage_entertainmentCategory.png */,
				5246F7FE1BE22D900075EF02 /* icon_homepage_foodCategory.png */,
				5246F7FF1BE22D900075EF02 /* icon_homepage_foottreatCategory.png */,
				5246F8001BE22D900075EF02 /* icon_homepage_hotelCategory.png */,
				5246F8011BE22D900075EF02 /* icon_homepage_KTVCategory.png */,
				5246F8021BE22D900075EF02 /* icon_homepage_lifeServiceCategory.png */,
				5246F8031BE22D900075EF02 /* icon_homepage_map.png */,
				5246F8041BE22D900075EF02 /* icon_homepage_map_old.png */,
				5246F8051BE22D900075EF02 /* icon_homepage_map_selected.png */,
				5246F8061BE22D900075EF02 /* icon_homepage_map_selected_old.png */,
				5246F8071BE22D900075EF02 /* icon_homepage_movieCategory.png */,
				5246F8081BE22D900075EF02 /* icon_homepage_search.png */,
				5246F8091BE22D900075EF02 /* icon_homepage_shoppingCategory.png */,
				5246F80A1BE22D900075EF02 /* icon_homepage_takeoutCategory.png */,
				5246F80B1BE22D900075EF02 /* icon_homepage_upArrow@2x.png */,
				5246F80C1BE22D900075EF02 /* icon_merchant_share_highlighted.png */,
				5246F80D1BE22D900075EF02 /* icon_merchant_share_normal.png */,
				5246F80E1BE22D900075EF02 /* todaySpecialHeaderTitleImage@2x.png */,
				5246F80F1BE22D900075EF02 /* todaySpecialHeaderTitleImage@3x.png */,
			);
			path = Home;
			sourceTree = "<group>";
		};
		52DDF50A1BE0CAFD006508A4 = {
			isa = PBXGroup;
			children = (
				52DDF5151BE0CAFD006508A4 /* ThousandMeters */,
				52DDF52F1BE0CAFD006508A4 /* ThousandMetersTests */,
				52DDF53A1BE0CAFD006508A4 /* ThousandMetersUITests */,
				52DDF5141BE0CAFD006508A4 /* Products */,
				02CC8E6897A78A77206AEE20 /* Pods */,
				D5960B5CAA4AC595E45B018C /* Frameworks */,
			);
			sourceTree = "<group>";
		};
		52DDF5141BE0CAFD006508A4 /* Products */ = {
			isa = PBXGroup;
			children = (
				52DDF5131BE0CAFD006508A4 /* ThousandMeters.app */,
				52DDF52C1BE0CAFD006508A4 /* ThousandMetersTests.xctest */,
				52DDF5371BE0CAFD006508A4 /* ThousandMetersUITests.xctest */,
			);
			name = Products;
			sourceTree = "<group>";
		};
		52DDF5151BE0CAFD006508A4 /* ThousandMeters */ = {
			isa = PBXGroup;
			children = (
				52DDF56D1BE0D9D9006508A4 /* Classes */,
				52DDF5221BE0CAFD006508A4 /* Assets.xcassets */,
				52DDF55E1BE0D40B006508A4 /* LaunchScreen.storyboard */,
				52DDF5271BE0CAFD006508A4 /* Info.plist */,
				52DDF55C1BE0D1EA006508A4 /* Images.xcassets */,
				52DDF5161BE0CAFD006508A4 /* Supporting Files */,
			);
			path = ThousandMeters;
			sourceTree = "<group>";
		};
		52DDF5161BE0CAFD006508A4 /* Supporting Files */ = {
			isa = PBXGroup;
			children = (
				52DDF55B1BE0CE72006508A4 /* ThousandMeters.pch */,
				52DDF5171BE0CAFD006508A4 /* main.m */,
			);
			name = "Supporting Files";
			sourceTree = "<group>";
		};
		52DDF52F1BE0CAFD006508A4 /* ThousandMetersTests */ = {
			isa = PBXGroup;
			children = (
				52DDF5301BE0CAFD006508A4 /* ThousandMetersTests.m */,
				52DDF5321BE0CAFD006508A4 /* Info.plist */,
			);
			path = ThousandMetersTests;
			sourceTree = "<group>";
		};
		52DDF53A1BE0CAFD006508A4 /* ThousandMetersUITests */ = {
			isa = PBXGroup;
			children = (
				52DDF53B1BE0CAFD006508A4 /* ThousandMetersUITests.m */,
				52DDF53D1BE0CAFD006508A4 /* Info.plist */,
			);
			path = ThousandMetersUITests;
			sourceTree = "<group>";
		};
		52DDF56D1BE0D9D9006508A4 /* Classes */ = {
			isa = PBXGroup;
			children = (
				5246F7EB1BE2265D0075EF02 /* DB */,
				52DDF5971BE0DC34006508A4 /* Other */,
				52DDF5931BE0DAE4006508A4 /* OAuth(授权) */,
				52DDF58D1BE0DAAA006508A4 /* Newfeature(新特性) */,
				52DDF58A1BE0DA19006508A4 /* Main */,
				52DDF56E1BE0D9D9006508A4 /* Home(首页) */,
				52DDF5741BE0D9D9006508A4 /* HotStyle(爆款) */,
				52DDF57A1BE0D9D9006508A4 /* PersonalCenter(个人中心) */,
				52DDF5801BE0D9D9006508A4 /* ShoppingCart(购物车) */,
			);
			path = Classes;
			sourceTree = "<group>";
		};
		52DDF56E1BE0D9D9006508A4 /* Home(首页) */ = {
			isa = PBXGroup;
			children = (
				52DDF56F1BE0D9D9006508A4 /* Controller */,
				52DDF5721BE0D9D9006508A4 /* Model */,
				52DDF5731BE0D9D9006508A4 /* View */,
			);
			path = "Home(首页)";
			sourceTree = "<group>";
		};
		52DDF56F1BE0D9D9006508A4 /* Controller */ = {
			isa = PBXGroup;
			children = (
				52DDF5701BE0D9D9006508A4 /* HDHomeViewController.h */,
				52DDF5711BE0D9D9006508A4 /* HDHomeViewController.m */,
			);
			path = Controller;
			sourceTree = "<group>";
		};
		52DDF5721BE0D9D9006508A4 /* Model */ = {
			isa = PBXGroup;
			children = (
				52E5304C1BE339A3000EAF85 /* homemenu */,
			);
			path = Model;
			sourceTree = "<group>";
		};
		52DDF5731BE0D9D9006508A4 /* View */ = {
			isa = PBXGroup;
			children = (
				52E530641BE35EA6000EAF85 /* homemenu */,
				52E530691BE35EA6000EAF85 /* ScrollViewRoll */,
			);
			path = View;
			sourceTree = "<group>";
		};
		52DDF5741BE0D9D9006508A4 /* HotStyle(爆款) */ = {
			isa = PBXGroup;
			children = (
				52DDF5751BE0D9D9006508A4 /* Controller */,
				52DDF5781BE0D9D9006508A4 /* Model */,
				52DDF5791BE0D9D9006508A4 /* View */,
			);
			path = "HotStyle(爆款)";
			sourceTree = "<group>";
		};
		52DDF5751BE0D9D9006508A4 /* Controller */ = {
			isa = PBXGroup;
			children = (
				52DDF5761BE0D9D9006508A4 /* HDHotStyleViewController.h */,
				52DDF5771BE0D9D9006508A4 /* HDHotStyleViewController.m */,
			);
			path = Controller;
			sourceTree = "<group>";
		};
		52DDF5781BE0D9D9006508A4 /* Model */ = {
			isa = PBXGroup;
			children = (
			);
			path = Model;
			sourceTree = "<group>";
		};
		52DDF5791BE0D9D9006508A4 /* View */ = {
			isa = PBXGroup;
			children = (
			);
			path = View;
			sourceTree = "<group>";
		};
		52DDF57A1BE0D9D9006508A4 /* PersonalCenter(个人中心) */ = {
			isa = PBXGroup;
			children = (
				52DDF57B1BE0D9D9006508A4 /* Controller */,
				52DDF57E1BE0D9D9006508A4 /* Model */,
				52DDF57F1BE0D9D9006508A4 /* View */,
			);
			path = "PersonalCenter(个人中心)";
			sourceTree = "<group>";
		};
		52DDF57B1BE0D9D9006508A4 /* Controller */ = {
			isa = PBXGroup;
			children = (
				52DDF57C1BE0D9D9006508A4 /* HDPersonalCenterViewController.h */,
				52DDF57D1BE0D9D9006508A4 /* HDPersonalCenterViewController.m */,
			);
			path = Controller;
			sourceTree = "<group>";
		};
		52DDF57E1BE0D9D9006508A4 /* Model */ = {
			isa = PBXGroup;
			children = (
			);
			path = Model;
			sourceTree = "<group>";
		};
		52DDF57F1BE0D9D9006508A4 /* View */ = {
			isa = PBXGroup;
			children = (
			);
			path = View;
			sourceTree = "<group>";
		};
		52DDF5801BE0D9D9006508A4 /* ShoppingCart(购物车) */ = {
			isa = PBXGroup;
			children = (
				52DDF5811BE0D9D9006508A4 /* Controller */,
				52DDF5841BE0D9D9006508A4 /* Model */,
				52DDF5851BE0D9D9006508A4 /* View */,
			);
			path = "ShoppingCart(购物车)";
			sourceTree = "<group>";
		};
		52DDF5811BE0D9D9006508A4 /* Controller */ = {
			isa = PBXGroup;
			children = (
				52DDF5821BE0D9D9006508A4 /* HDShoppingCartViewController.h */,
				52DDF5831BE0D9D9006508A4 /* HDShoppingCartViewController.m */,
			);
			path = Controller;
			sourceTree = "<group>";
		};
		52DDF5841BE0D9D9006508A4 /* Model */ = {
			isa = PBXGroup;
			children = (
			);
			path = Model;
			sourceTree = "<group>";
		};
		52DDF5851BE0D9D9006508A4 /* View */ = {
			isa = PBXGroup;
			children = (
			);
			path = View;
			sourceTree = "<group>";
		};
		52DDF58A1BE0DA19006508A4 /* Main */ = {
			isa = PBXGroup;
			children = (
				52E530441BE31320000EAF85 /* Category */,
				52DDF59B1BE0DC4D006508A4 /* Controller */,
				52DDF58F1BE0DAC6006508A4 /* HttpTool */,
				52DDF5901BE0DAC6006508A4 /* Model */,
				52DDF5911BE0DAC6006508A4 /* View */,
			);
			name = Main;
			sourceTree = "<group>";
		};
		52DDF58D1BE0DAAA006508A4 /* Newfeature(新特性) */ = {
			isa = PBXGroup;
			children = (
				52DDF58E1BE0DAAA006508A4 /* Controller */,
			);
			path = "Newfeature(新特性)";
			sourceTree = "<group>";
		};
		52DDF58E1BE0DAAA006508A4 /* Controller */ = {
			isa = PBXGroup;
			children = (
			);
			path = Controller;
			sourceTree = "<group>";
		};
		52DDF58F1BE0DAC6006508A4 /* HttpTool */ = {
			isa = PBXGroup;
			children = (
			);
			path = HttpTool;
			sourceTree = "<group>";
		};
		52DDF5901BE0DAC6006508A4 /* Model */ = {
			isa = PBXGroup;
			children = (
			);
			path = Model;
			sourceTree = "<group>";
		};
		52DDF5911BE0DAC6006508A4 /* View */ = {
			isa = PBXGroup;
			children = (
				5246F7D61BE1D3520075EF02 /* HDSearchBar.h */,
				5246F7D71BE1D3520075EF02 /* HDSearchBar.m */,
				5246F7DF1BE1DFBE0075EF02 /* HDButton.h */,
				5246F7E01BE1DFBE0075EF02 /* HDButton.m */,
			);
			path = View;
			sourceTree = "<group>";
		};
		52DDF5931BE0DAE4006508A4 /* OAuth(授权) */ = {
			isa = PBXGroup;
			children = (
				52DDF5941BE0DAE4006508A4 /* Controller */,
				52DDF5951BE0DAE4006508A4 /* Model */,
				52DDF5961BE0DAE4006508A4 /* Tool */,
			);
			path = "OAuth(授权)";
			sourceTree = "<group>";
		};
		52DDF5941BE0DAE4006508A4 /* Controller */ = {
			isa = PBXGroup;
			children = (
			);
			path = Controller;
			sourceTree = "<group>";
		};
		52DDF5951BE0DAE4006508A4 /* Model */ = {
			isa = PBXGroup;
			children = (
			);
			path = Model;
			sourceTree = "<group>";
		};
		52DDF5961BE0DAE4006508A4 /* Tool */ = {
			isa = PBXGroup;
			children = (
			);
			path = Tool;
			sourceTree = "<group>";
		};
		52DDF5971BE0DC34006508A4 /* Other */ = {
			isa = PBXGroup;
			children = (
				5246F7F01BE22D900075EF02 /* Resource */,
				52DDF5981BE0DC34006508A4 /* AppDelegate.h */,
				52DDF5991BE0DC34006508A4 /* AppDelegate.m */,
			);
			path = Other;
			sourceTree = "<group>";
		};
		52DDF59B1BE0DC4D006508A4 /* Controller */ = {
			isa = PBXGroup;
			children = (
				52DDF59C1BE0DC4D006508A4 /* HDNavigationController.h */,
				52DDF59D1BE0DC4D006508A4 /* HDNavigationController.m */,
				52DDF59E1BE0DC4D006508A4 /* HDTabBarController.h */,
				52DDF59F1BE0DC4D006508A4 /* HDTabBarController.m */,
			);
			name = Controller;
			path = Main/Controller;
			sourceTree = "<group>";
		};
		52E530441BE31320000EAF85 /* Category */ = {
			isa = PBXGroup;
			children = (
				52E530451BE31320000EAF85 /* UIBarButtonItem+Extension.h */,
				52E530461BE31320000EAF85 /* UIBarButtonItem+Extension.m */,
				52E530471BE31320000EAF85 /* UIView+Extension.h */,
				52E530481BE31320000EAF85 /* UIView+Extension.m */,
			);
			name = Category;
			path = Main/Category;
			sourceTree = "<group>";
		};
		52E5304C1BE339A3000EAF85 /* homemenu */ = {
			isa = PBXGroup;
			children = (
				5246F7E81BE220440075EF02 /* HotQueueModel.h */,
				5246F7E91BE220440075EF02 /* HotQueueModel.m */,
			);
			name = homemenu;
			sourceTree = "<group>";
		};
		52E530641BE35EA6000EAF85 /* homemenu */ = {
			isa = PBXGroup;
			children = (
				52E530651BE35EA6000EAF85 /* HomeMenuCell.h */,
				52E530661BE35EA6000EAF85 /* HomeMenuCell.m */,
				52E530671BE35EA6000EAF85 /* JZMTBtnView.h */,
				52E530681BE35EA6000EAF85 /* JZMTBtnView.m */,
			);
			path = homemenu;
			sourceTree = "<group>";
		};
		52E530691BE35EA6000EAF85 /* ScrollViewRoll */ = {
			isa = PBXGroup;
			children = (
				52E5307F1BE3664D000EAF85 /* UIImageBannerScrollView.h */,
				52E530801BE3664D000EAF85 /* UIImageBannerScrollView.m */,
			);
			path = ScrollViewRoll;
			sourceTree = "<group>";
		};
		D5960B5CAA4AC595E45B018C /* Frameworks */ = {
			isa = PBXGroup;
			children = (
				21CE5CACBF0FE4003F569C7F /* libPods.a */,
			);
			name = Frameworks;
			sourceTree = "<group>";
		};
/* End PBXGroup section */

/* Begin PBXNativeTarget section */
		52DDF5121BE0CAFD006508A4 /* ThousandMeters */ = {
			isa = PBXNativeTarget;
			buildConfigurationList = 52DDF5401BE0CAFD006508A4 /* Build configuration list for PBXNativeTarget "ThousandMeters" */;
			buildPhases = (
				279EAC394878E54CBAFE8114 /* Check Pods Manifest.lock */,
				52DDF50F1BE0CAFD006508A4 /* Sources */,
				52DDF5101BE0CAFD006508A4 /* Frameworks */,
				52DDF5111BE0CAFD006508A4 /* Resources */,
				3A2E7B45E31F8ABF2386F029 /* Embed Pods Frameworks */,
				8CFB78F356D40D271F59D1EF /* Copy Pods Resources */,
			);
			buildRules = (
			);
			dependencies = (
			);
			name = ThousandMeters;
			productName = ThousandMeters;
			productReference = 52DDF5131BE0CAFD006508A4 /* ThousandMeters.app */;
			productType = "com.apple.product-type.application";
		};
		52DDF52B1BE0CAFD006508A4 /* ThousandMetersTests */ = {
			isa = PBXNativeTarget;
			buildConfigurationList = 52DDF5431BE0CAFD006508A4 /* Build configuration list for PBXNativeTarget "ThousandMetersTests" */;
			buildPhases = (
				52DDF5281BE0CAFD006508A4 /* Sources */,
				52DDF5291BE0CAFD006508A4 /* Frameworks */,
				52DDF52A1BE0CAFD006508A4 /* Resources */,
			);
			buildRules = (
			);
			dependencies = (
				52DDF52E1BE0CAFD006508A4 /* PBXTargetDependency */,
			);
			name = ThousandMetersTests;
			productName = ThousandMetersTests;
			productReference = 52DDF52C1BE0CAFD006508A4 /* ThousandMetersTests.xctest */;
			productType = "com.apple.product-type.bundle.unit-test";
		};
		52DDF5361BE0CAFD006508A4 /* ThousandMetersUITests */ = {
			isa = PBXNativeTarget;
			buildConfigurationList = 52DDF5461BE0CAFD006508A4 /* Build configuration list for PBXNativeTarget "ThousandMetersUITests" */;
			buildPhases = (
				52DDF5331BE0CAFD006508A4 /* Sources */,
				52DDF5341BE0CAFD006508A4 /* Frameworks */,
				52DDF5351BE0CAFD006508A4 /* Resources */,
			);
			buildRules = (
			);
			dependencies = (
				52DDF5391BE0CAFD006508A4 /* PBXTargetDependency */,
			);
			name = ThousandMetersUITests;
			productName = ThousandMetersUITests;
			productReference = 52DDF5371BE0CAFD006508A4 /* ThousandMetersUITests.xctest */;
			productType = "com.apple.product-type.bundle.ui-testing";
		};
/* End PBXNativeTarget section */

/* Begin PBXProject section */
		52DDF50B1BE0CAFD006508A4 /* Project object */ = {
			isa = PBXProject;
			attributes = {
				LastUpgradeCheck = 0710;
				ORGANIZATIONNAME = "虎动";
				TargetAttributes = {
					52DDF5121BE0CAFD006508A4 = {
						CreatedOnToolsVersion = 7.1;
						DevelopmentTeam = KNT5ZWPPK2;
					};
					52DDF52B1BE0CAFD006508A4 = {
						CreatedOnToolsVersion = 7.1;
						TestTargetID = 52DDF5121BE0CAFD006508A4;
					};
					52DDF5361BE0CAFD006508A4 = {
						CreatedOnToolsVersion = 7.1;
						TestTargetID = 52DDF5121BE0CAFD006508A4;
					};
				};
			};
			buildConfigurationList = 52DDF50E1BE0CAFD006508A4 /* Build configuration list for PBXProject "ThousandMeters" */;
			compatibilityVersion = "Xcode 3.2";
			developmentRegion = English;
			hasScannedForEncodings = 0;
			knownRegions = (
				en,
				Base,
			);
			mainGroup = 52DDF50A1BE0CAFD006508A4;
			productRefGroup = 52DDF5141BE0CAFD006508A4 /* Products */;
			projectDirPath = "";
			projectRoot = "";
			targets = (
				52DDF5121BE0CAFD006508A4 /* ThousandMeters */,
				52DDF52B1BE0CAFD006508A4 /* ThousandMetersTests */,
				52DDF5361BE0CAFD006508A4 /* ThousandMetersUITests */,
			);
		};
/* End PBXProject section */

/* Begin PBXResourcesBuildPhase section */
		52DDF5111BE0CAFD006508A4 /* Resources */ = {
			isa = PBXResourcesBuildPhase;
			buildActionMask = 2147483647;
			files = (
				5246F81F1BE22D900075EF02 /* icon_homepage_KTVCategory.png in Resources */,
				5246F81E1BE22D900075EF02 /* icon_homepage_hotelCategory.png in Resources */,
				5246F8191BE22D900075EF02 /* icon_homepage_default.png in Resources */,
				5246F8251BE22D900075EF02 /* icon_homepage_movieCategory.png in Resources */,
				5246F8261BE22D900075EF02 /* icon_homepage_search.png in Resources */,
				5246F82B1BE22D900075EF02 /* icon_merchant_share_normal.png in Resources */,
				5246F81A1BE22D900075EF02 /* icon_homepage_downArrow@2x.png in Resources */,
				5246F8241BE22D900075EF02 /* icon_homepage_map_selected_old.png in Resources */,
				5246F8141BE22D900075EF02 /* ic_deal_noBooking@2x.png in Resources */,
				5246F81B1BE22D900075EF02 /* icon_homepage_entertainmentCategory.png in Resources */,
				5246F8201BE22D900075EF02 /* icon_homepage_lifeServiceCategory.png in Resources */,
				5246F8111BE22D900075EF02 /* background_home_searchBar@2x.png in Resources */,
				5246F82A1BE22D900075EF02 /* icon_merchant_share_highlighted.png in Resources */,
				5246F8221BE22D900075EF02 /* icon_homepage_map_old.png in Resources */,
				52DDF5601BE0D40B006508A4 /* LaunchScreen.storyboard in Resources */,
				5246F82C1BE22D900075EF02 /* todaySpecialHeaderTitleImage@2x.png in Resources */,
				5246F8171BE22D900075EF02 /* icon_deal_anytime_refund@2x.png in Resources */,
				5246F81C1BE22D900075EF02 /* icon_homepage_foodCategory.png in Resources */,
				5246F8151BE22D900075EF02 /* icon_collect.png in Resources */,
				5246F82D1BE22D900075EF02 /* todaySpecialHeaderTitleImage@3x.png in Resources */,
				5246F8161BE22D900075EF02 /* icon_collect_highlighted.png in Resources */,
				52DDF55D1BE0D1EA006508A4 /* Images.xcassets in Resources */,
				5246F8281BE22D900075EF02 /* icon_homepage_takeoutCategory.png in Resources */,
				5246F81D1BE22D900075EF02 /* icon_homepage_foottreatCategory.png in Resources */,
				5246F8101BE22D900075EF02 /* back@2x.png in Resources */,
				5246F8271BE22D900075EF02 /* icon_homepage_shoppingCategory.png in Resources */,
				52DDF5231BE0CAFD006508A4 /* Assets.xcassets in Resources */,
				5246F8181BE22D900075EF02 /* icon_homepage_beautyCategory.png in Resources */,
				5246F8291BE22D900075EF02 /* icon_homepage_upArrow@2x.png in Resources */,
				5246F8121BE22D900075EF02 /* bg_customReview_image_default.png in Resources */,
				5246F8231BE22D900075EF02 /* icon_homepage_map_selected.png in Resources */,
				5246F8131BE22D900075EF02 /* btn_backItem.png in Resources */,
				5246F7ED1BE226960075EF02 /* menuData.plist in Resources */,
				5246F8211BE22D900075EF02 /* icon_homepage_map.png in Resources */,
			);
			runOnlyForDeploymentPostprocessing = 0;
		};
		52DDF52A1BE0CAFD006508A4 /* Resources */ = {
			isa = PBXResourcesBuildPhase;
			buildActionMask = 2147483647;
			files = (
			);
			runOnlyForDeploymentPostprocessing = 0;
		};
		52DDF5351BE0CAFD006508A4 /* Resources */ = {
			isa = PBXResourcesBuildPhase;
			buildActionMask = 2147483647;
			files = (
			);
			runOnlyForDeploymentPostprocessing = 0;
		};
/* End PBXResourcesBuildPhase section */

/* Begin PBXShellScriptBuildPhase section */
		279EAC394878E54CBAFE8114 /* Check Pods Manifest.lock */ = {
			isa = PBXShellScriptBuildPhase;
			buildActionMask = 2147483647;
			files = (
			);
			inputPaths = (
			);
			name = "Check Pods Manifest.lock";
			outputPaths = (
			);
			runOnlyForDeploymentPostprocessing = 0;
			shellPath = /bin/sh;
			shellScript = "diff \"${PODS_ROOT}/../Podfile.lock\" \"${PODS_ROOT}/Manifest.lock\" > /dev/null\nif [[ $? != 0 ]] ; then\n    cat << EOM\nerror: The sandbox is not in sync with the Podfile.lock. Run 'pod install' or update your CocoaPods installation.\nEOM\n    exit 1\nfi\n";
			showEnvVarsInLog = 0;
		};
		3A2E7B45E31F8ABF2386F029 /* Embed Pods Frameworks */ = {
			isa = PBXShellScriptBuildPhase;
			buildActionMask = 2147483647;
			files = (
			);
			inputPaths = (
			);
			name = "Embed Pods Frameworks";
			outputPaths = (
			);
			runOnlyForDeploymentPostprocessing = 0;
			shellPath = /bin/sh;
			shellScript = "\"${SRCROOT}/Pods/Target Support Files/Pods/Pods-frameworks.sh\"\n";
			showEnvVarsInLog = 0;
		};
		8CFB78F356D40D271F59D1EF /* Copy Pods Resources */ = {
			isa = PBXShellScriptBuildPhase;
			buildActionMask = 2147483647;
			files = (
			);
			inputPaths = (
			);
			name = "Copy Pods Resources";
			outputPaths = (
			);
			runOnlyForDeploymentPostprocessing = 0;
			shellPath = /bin/sh;
			shellScript = "\"${SRCROOT}/Pods/Target Support Files/Pods/Pods-resources.sh\"\n";
			showEnvVarsInLog = 0;
		};
/* End PBXShellScriptBuildPhase section */

/* Begin PBXSourcesBuildPhase section */
		52DDF50F1BE0CAFD006508A4 /* Sources */ = {
			isa = PBXSourcesBuildPhase;
			buildActionMask = 2147483647;
			files = (
				52E5304A1BE31320000EAF85 /* UIView+Extension.m in Sources */,
				52E530781BE35EA6000EAF85 /* JZMTBtnView.m in Sources */,
				52DDF5881BE0D9D9006508A4 /* HDPersonalCenterViewController.m in Sources */,
				52DDF5861BE0D9D9006508A4 /* HDHomeViewController.m in Sources */,
				52E530771BE35EA6000EAF85 /* HomeMenuCell.m in Sources */,
				52E530811BE3664D000EAF85 /* UIImageBannerScrollView.m in Sources */,
				5246F7D81BE1D3520075EF02 /* HDSearchBar.m in Sources */,
				52DDF59A1BE0DC34006508A4 /* AppDelegate.m in Sources */,
				52DDF5A11BE0DC4D006508A4 /* HDTabBarController.m in Sources */,
				5246F7EA1BE220440075EF02 /* HotQueueModel.m in Sources */,
				52E530491BE31320000EAF85 /* UIBarButtonItem+Extension.m in Sources */,
				52DDF5871BE0D9D9006508A4 /* HDHotStyleViewController.m in Sources */,
				52DDF5A01BE0DC4D006508A4 /* HDNavigationController.m in Sources */,
				5246F7E11BE1DFBE0075EF02 /* HDButton.m in Sources */,
				52DDF5891BE0D9D9006508A4 /* HDShoppingCartViewController.m in Sources */,
				52DDF5181BE0CAFD006508A4 /* main.m in Sources */,
			);
			runOnlyForDeploymentPostprocessing = 0;
		};
		52DDF5281BE0CAFD006508A4 /* Sources */ = {
			isa = PBXSourcesBuildPhase;
			buildActionMask = 2147483647;
			files = (
				52DDF5311BE0CAFD006508A4 /* ThousandMetersTests.m in Sources */,
			);
			runOnlyForDeploymentPostprocessing = 0;
		};
		52DDF5331BE0CAFD006508A4 /* Sources */ = {
			isa = PBXSourcesBuildPhase;
			buildActionMask = 2147483647;
			files = (
				52DDF53C1BE0CAFD006508A4 /* ThousandMetersUITests.m in Sources */,
			);
			runOnlyForDeploymentPostprocessing = 0;
		};
/* End PBXSourcesBuildPhase section */

/* Begin PBXTargetDependency section */
		52DDF52E1BE0CAFD006508A4 /* PBXTargetDependency */ = {
			isa = PBXTargetDependency;
			target = 52DDF5121BE0CAFD006508A4 /* ThousandMeters */;
			targetProxy = 52DDF52D1BE0CAFD006508A4 /* PBXContainerItemProxy */;
		};
		52DDF5391BE0CAFD006508A4 /* PBXTargetDependency */ = {
			isa = PBXTargetDependency;
			target = 52DDF5121BE0CAFD006508A4 /* ThousandMeters */;
			targetProxy = 52DDF5381BE0CAFD006508A4 /* PBXContainerItemProxy */;
		};
/* End PBXTargetDependency section */

/* Begin PBXVariantGroup section */
		52DDF55E1BE0D40B006508A4 /* LaunchScreen.storyboard */ = {
			isa = PBXVariantGroup;
			children = (
				52DDF55F1BE0D40B006508A4 /* Base */,
			);
			name = LaunchScreen.storyboard;
			sourceTree = "<group>";
		};
/* End PBXVariantGroup section */

/* Begin XCBuildConfiguration section */
		52DDF53E1BE0CAFD006508A4 /* Debug */ = {
			isa = XCBuildConfiguration;
			buildSettings = {
				ALWAYS_SEARCH_USER_PATHS = NO;
				CLANG_CXX_LANGUAGE_STANDARD = "gnu++0x";
				CLANG_CXX_LIBRARY = "libc++";
				CLANG_ENABLE_MODULES = YES;
				CLANG_ENABLE_OBJC_ARC = YES;
				CLANG_WARN_BOOL_CONVERSION = YES;
				CLANG_WARN_CONSTANT_CONVERSION = YES;
				CLANG_WARN_DIRECT_OBJC_ISA_USAGE = YES_ERROR;
				CLANG_WARN_EMPTY_BODY = YES;
				CLANG_WARN_ENUM_CONVERSION = YES;
				CLANG_WARN_INT_CONVERSION = YES;
				CLANG_WARN_OBJC_ROOT_CLASS = YES_ERROR;
				CLANG_WARN_UNREACHABLE_CODE = YES;
				CLANG_WARN__DUPLICATE_METHOD_MATCH = YES;
				"CODE_SIGN_IDENTITY[sdk=iphoneos*]" = "iPhone Developer";
				COPY_PHASE_STRIP = NO;
				DEBUG_INFORMATION_FORMAT = dwarf;
				ENABLE_STRICT_OBJC_MSGSEND = YES;
				ENABLE_TESTABILITY = YES;
				GCC_C_LANGUAGE_STANDARD = gnu99;
				GCC_DYNAMIC_NO_PIC = NO;
				GCC_NO_COMMON_BLOCKS = YES;
				GCC_OPTIMIZATION_LEVEL = 0;
				GCC_PREPROCESSOR_DEFINITIONS = (
					"DEBUG=1",
					"$(inherited)",
				);
				GCC_WARN_64_TO_32_BIT_CONVERSION = YES;
				GCC_WARN_ABOUT_RETURN_TYPE = YES_ERROR;
				GCC_WARN_UNDECLARED_SELECTOR = YES;
				GCC_WARN_UNINITIALIZED_AUTOS = YES_AGGRESSIVE;
				GCC_WARN_UNUSED_FUNCTION = YES;
				GCC_WARN_UNUSED_VARIABLE = YES;
				IPHONEOS_DEPLOYMENT_TARGET = 9.1;
				MTL_ENABLE_DEBUG_INFO = YES;
				ONLY_ACTIVE_ARCH = YES;
				SDKROOT = iphoneos;
				TARGETED_DEVICE_FAMILY = "1,2";
			};
			name = Debug;
		};
		52DDF53F1BE0CAFD006508A4 /* Release */ = {
			isa = XCBuildConfiguration;
			buildSettings = {
				ALWAYS_SEARCH_USER_PATHS = NO;
				CLANG_CXX_LANGUAGE_STANDARD = "gnu++0x";
				CLANG_CXX_LIBRARY = "libc++";
				CLANG_ENABLE_MODULES = YES;
				CLANG_ENABLE_OBJC_ARC = YES;
				CLANG_WARN_BOOL_CONVERSION = YES;
				CLANG_WARN_CONSTANT_CONVERSION = YES;
				CLANG_WARN_DIRECT_OBJC_ISA_USAGE = YES_ERROR;
				CLANG_WARN_EMPTY_BODY = YES;
				CLANG_WARN_ENUM_CONVERSION = YES;
				CLANG_WARN_INT_CONVERSION = YES;
				CLANG_WARN_OBJC_ROOT_CLASS = YES_ERROR;
				CLANG_WARN_UNREACHABLE_CODE = YES;
				CLANG_WARN__DUPLICATE_METHOD_MATCH = YES;
				"CODE_SIGN_IDENTITY[sdk=iphoneos*]" = "iPhone Developer";
				COPY_PHASE_STRIP = NO;
				DEBUG_INFORMATION_FORMAT = "dwarf-with-dsym";
				ENABLE_NS_ASSERTIONS = NO;
				ENABLE_STRICT_OBJC_MSGSEND = YES;
				GCC_C_LANGUAGE_STANDARD = gnu99;
				GCC_NO_COMMON_BLOCKS = YES;
				GCC_WARN_64_TO_32_BIT_CONVERSION = YES;
				GCC_WARN_ABOUT_RETURN_TYPE = YES_ERROR;
				GCC_WARN_UNDECLARED_SELECTOR = YES;
				GCC_WARN_UNINITIALIZED_AUTOS = YES_AGGRESSIVE;
				GCC_WARN_UNUSED_FUNCTION = YES;
				GCC_WARN_UNUSED_VARIABLE = YES;
				IPHONEOS_DEPLOYMENT_TARGET = 9.1;
				MTL_ENABLE_DEBUG_INFO = NO;
				SDKROOT = iphoneos;
				TARGETED_DEVICE_FAMILY = "1,2";
				VALIDATE_PRODUCT = YES;
			};
			name = Release;
		};
		52DDF5411BE0CAFD006508A4 /* Debug */ = {
			isa = XCBuildConfiguration;
			baseConfigurationReference = 49B498AD36F6B2AAAE1AE29A /* Pods.debug.xcconfig */;
			buildSettings = {
				ASSETCATALOG_COMPILER_APPICON_NAME = AppIcon;
				CODE_SIGN_IDENTITY = "iPhone Developer";
				GCC_PREFIX_HEADER = "$(SRCROOT)/ThousandMeters/ThousandMeters.pch";
				INFOPLIST_FILE = ThousandMeters/Info.plist;
				IPHONEOS_DEPLOYMENT_TARGET = 8.0;
				LD_RUNPATH_SEARCH_PATHS = "$(inherited) @executable_path/Frameworks";
				PRODUCT_BUNDLE_IDENTIFIER = cn.1000me.ThousandMeters;
				PRODUCT_NAME = "$(TARGET_NAME)";
			};
			name = Debug;
		};
		52DDF5421BE0CAFD006508A4 /* Release */ = {
			isa = XCBuildConfiguration;
			baseConfigurationReference = 83E1C4EB1FD48DC24B7C6A82 /* Pods.release.xcconfig */;
			buildSettings = {
				ASSETCATALOG_COMPILER_APPICON_NAME = AppIcon;
				CODE_SIGN_IDENTITY = "iPhone Developer";
				GCC_PREFIX_HEADER = "$(SRCROOT)/ThousandMeters/ThousandMeters.pch";
				INFOPLIST_FILE = ThousandMeters/Info.plist;
				IPHONEOS_DEPLOYMENT_TARGET = 8.0;
				LD_RUNPATH_SEARCH_PATHS = "$(inherited) @executable_path/Frameworks";
				PRODUCT_BUNDLE_IDENTIFIER = cn.1000me.ThousandMeters;
				PRODUCT_NAME = "$(TARGET_NAME)";
			};
			name = Release;
		};
		52DDF5441BE0CAFD006508A4 /* Debug */ = {
			isa = XCBuildConfiguration;
			buildSettings = {
				BUNDLE_LOADER = "$(TEST_HOST)";
				INFOPLIST_FILE = ThousandMetersTests/Info.plist;
				LD_RUNPATH_SEARCH_PATHS = "$(inherited) @executable_path/Frameworks @loader_path/Frameworks";
				PRODUCT_BUNDLE_IDENTIFIER = cn.1000me.ThousandMetersTests;
				PRODUCT_NAME = "$(TARGET_NAME)";
				TEST_HOST = "$(BUILT_PRODUCTS_DIR)/ThousandMeters.app/ThousandMeters";
			};
			name = Debug;
		};
		52DDF5451BE0CAFD006508A4 /* Release */ = {
			isa = XCBuildConfiguration;
			buildSettings = {
				BUNDLE_LOADER = "$(TEST_HOST)";
				INFOPLIST_FILE = ThousandMetersTests/Info.plist;
				LD_RUNPATH_SEARCH_PATHS = "$(inherited) @executable_path/Frameworks @loader_path/Frameworks";
				PRODUCT_BUNDLE_IDENTIFIER = cn.1000me.ThousandMetersTests;
				PRODUCT_NAME = "$(TARGET_NAME)";
				TEST_HOST = "$(BUILT_PRODUCTS_DIR)/ThousandMeters.app/ThousandMeters";
			};
			name = Release;
		};
		52DDF5471BE0CAFD006508A4 /* Debug */ = {
			isa = XCBuildConfiguration;
			buildSettings = {
				INFOPLIST_FILE = ThousandMetersUITests/Info.plist;
				LD_RUNPATH_SEARCH_PATHS = "$(inherited) @executable_path/Frameworks @loader_path/Frameworks";
				PRODUCT_BUNDLE_IDENTIFIER = cn.1000me.ThousandMetersUITests;
				PRODUCT_NAME = "$(TARGET_NAME)";
				TEST_TARGET_NAME = ThousandMeters;
				USES_XCTRUNNER = YES;
			};
			name = Debug;
		};
		52DDF5481BE0CAFD006508A4 /* Release */ = {
			isa = XCBuildConfiguration;
			buildSettings = {
				INFOPLIST_FILE = ThousandMetersUITests/Info.plist;
				LD_RUNPATH_SEARCH_PATHS = "$(inherited) @executable_path/Frameworks @loader_path/Frameworks";
				PRODUCT_BUNDLE_IDENTIFIER = cn.1000me.ThousandMetersUITests;
				PRODUCT_NAME = "$(TARGET_NAME)";
				TEST_TARGET_NAME = ThousandMeters;
				USES_XCTRUNNER = YES;
			};
			name = Release;
		};
/* End XCBuildConfiguration section */

/* Begin XCConfigurationList section */
		52DDF50E1BE0CAFD006508A4 /* Build configuration list for PBXProject "ThousandMeters" */ = {
			isa = XCConfigurationList;
			buildConfigurations = (
				52DDF53E1BE0CAFD006508A4 /* Debug */,
				52DDF53F1BE0CAFD006508A4 /* Release */,
			);
			defaultConfigurationIsVisible = 0;
			defaultConfigurationName = Release;
		};
		52DDF5401BE0CAFD006508A4 /* Build configuration list for PBXNativeTarget "ThousandMeters" */ = {
			isa = XCConfigurationList;
			buildConfigurations = (
				52DDF5411BE0CAFD006508A4 /* Debug */,
				52DDF5421BE0CAFD006508A4 /* Release */,
			);
			defaultConfigurationIsVisible = 0;
			defaultConfigurationName = Release;
		};
		52DDF5431BE0CAFD006508A4 /* Build configuration list for PBXNativeTarget "ThousandMetersTests" */ = {
			isa = XCConfigurationList;
			buildConfigurations = (
				52DDF5441BE0CAFD006508A4 /* Debug */,
				52DDF5451BE0CAFD006508A4 /* Release */,
			);
			defaultConfigurationIsVisible = 0;
			defaultConfigurationName = Release;
		};
		52DDF5461BE0CAFD006508A4 /* Build configuration list for PBXNativeTarget "ThousandMetersUITests" */ = {
			isa = XCConfigurationList;
			buildConfigurations = (
				52DDF5471BE0CAFD006508A4 /* Debug */,
				52DDF5481BE0CAFD006508A4 /* Release */,
			);
			defaultConfigurationIsVisible = 0;
			defaultConfigurationName = Release;
		};
/* End XCConfigurationList section */
	};
	rootObject = 52DDF50B1BE0CAFD006508A4 /* Project object */;
}
